# This file was autogenerated by Stack.
# You should not edit this file by hand.
# For more information, please see the documentation at:
#   https://docs.haskellstack.org/en/stable/lock_files

packages:
- completed:
    hackage: xmlhtml-0.2.5.2@sha256:3f0990f725551985d777e8edb5563fe99aee998f1fde6a7633f720f76df54701,46997
    pantry-tree:
      size: 61835
      sha256: bb1bd95db3738e18d112bbc9724510ee64a51b7eda61494507f4957c5e2281f6
  original:
    hackage: xmlhtml-0.2.5.2@sha256:3f0990f725551985d777e8edb5563fe99aee998f1fde6a7633f720f76df54701,46997
- completed:
    hackage: xmlbf-xmlhtml-0.2@sha256:f179a149b99e4b0120a0fee8a24bc972a8c22a7b9302732f11f5cb7188db9be7,965
    pantry-tree:
      size: 371
      sha256: 743de61a3c52eac43ff978c76e83f87078591921c5592b8cef047ddf2db52e70
  original:
    hackage: xmlbf-xmlhtml-0.2@sha256:f179a149b99e4b0120a0fee8a24bc972a8c22a7b9302732f11f5cb7188db9be7,965
- completed:
    hackage: servant-xml-1.0.1.4@sha256:6c9f2986ac42e72fe24b794c660763a1966a18d696b34cd4f4ed15165edd4aa0,851
    pantry-tree:
      size: 267
      sha256: 47e05cc18571655471dfd75ce63154fd843a2e639890b5768c6454b12a6201c7
  original:
    hackage: servant-xml-1.0.1.4@sha256:6c9f2986ac42e72fe24b794c660763a1966a18d696b34cd4f4ed15165edd4aa0,851
- completed:
    hackage: xmlbf-0.6.1@sha256:57867fcb39e0514d17b3328ff5de8d241a18482fc89bb742d9ed820a6a2a5187,1540
    pantry-tree:
      size: 313
      sha256: 4bd60a363c4aaa6aee8d52efedc5be07065f01fd1e989da022c7cecc41d98651
  original:
    hackage: xmlbf-0.6.1@sha256:57867fcb39e0514d17b3328ff5de8d241a18482fc89bb742d9ed820a6a2a5187,1540
- completed:
    hackage: xmlbf-xeno-0.2@sha256:39f70fced6052524c290cf595f114661c721452e65fc3e0953a44e7682a6a6b0,950
    pantry-tree:
      size: 365
      sha256: b324ea5ef458ae55abf4a80f9800e068e8c1916107bd7195d3931f4865ad8819
  original:
    hackage: xmlbf-xeno-0.2@sha256:39f70fced6052524c290cf595f114661c721452e65fc3e0953a44e7682a6a6b0,950
- completed:
    hackage: servant-0.17@sha256:e78734cb6b75c5d1e52e8f5e16bc3f557154a580bbde4932a7e1a6a90da7eb04,5029
    pantry-tree:
      size: 2392
      sha256: 36561a606c35393386aa48b7cc2407fa4013aba62a19d69f004ec9c2010209aa
  original:
    hackage: servant-0.17
- completed:
    hackage: servant-client-0.17@sha256:433be65dd541b9a387eaaced22715a028ea846d72d141419c40ddf6fd5e3409b,4573
    pantry-tree:
      size: 1299
      sha256: 1f8f57c6ce96ed4f1316460aaab48f3765b2addbf1e2cd363c72bbc41fdcf907
  original:
    hackage: servant-client-0.17
- completed:
    hackage: servant-client-core-0.17@sha256:d64622d68d8a6934abc821171582d601a99ef0277f3d8b8ba9b483c2617e3df6,3577
    pantry-tree:
      size: 1444
      sha256: 89461980a2562d9943f4bb84077d8c4a8c5bac76c8c16577c9344e404b2e9fb1
  original:
    hackage: servant-client-core-0.17
- completed:
    hackage: servant-server-0.17@sha256:1a5adf564f0b703535eb733f249b282ef2ca7b587a303c357b549fb88e7a6dcd,5388
    pantry-tree:
      size: 2460
      sha256: ea65ba54acb4362efedbfa7db616a51023579a6c83f18ab6d2ea6a84dea56021
  original:
    hackage: servant-server-0.17
snapshots:
- completed:
    size: 531237
    url: https://raw.githubusercontent.com/commercialhaskell/stackage-snapshots/master/lts/16/1.yaml
    sha256: 954b6b14b0c8130732cf4773f7ebb4efc9a44600d1a5265d142868bf93462bc6
  original: lts-16.1
